
Microsoft Visual Studio Solution File, Format Version 12.00
# Visual Studio Version 17
VisualStudioVersion = 17.14.36408.4 d17.14
MinimumVisualStudioVersion = 10.0.40219.1
Project("{FAE04EC0-301F-11D3-BF4B-00C04F79EFBC}") = "10433939_PROG6212_POE", "10433939_PROG6212_POE\10433939_PROG6212_POE.csproj", "{A385FB86-04D6-48FE-AC9C-F663DEB0FB88}"
EndProject
Global
	GlobalSection(SolutionConfigurationPlatforms) = preSolution
		Debug|Any CPU = Debug|Any CPU
		Release|Any CPU = Release|Any CPU
	EndGlobalSection
	GlobalSection(ProjectConfigurationPlatforms) = postSolution
		{A385FB86-04D6-48FE-AC9C-F663DEB0FB88}.Debug|Any CPU.ActiveCfg = Debug|Any CPU
		{A385FB86-04D6-48FE-AC9C-F663DEB0FB88}.Debug|Any CPU.Build.0 = Debug|Any CPU
		{A385FB86-04D6-48FE-AC9C-F663DEB0FB88}.Release|Any CPU.ActiveCfg = Release|Any CPU
		{A385FB86-04D6-48FE-AC9C-F663DEB0FB88}.Release|Any CPU.Build.0 = Release|Any CPU
	EndGlobalSection
	GlobalSection(SolutionProperties) = preSolution
		HideSolutionNode = FALSE
	EndGlobalSection
	GlobalSection(ExtensibilityGlobals) = postSolution
		SolutionGuid = {EA1D449E-E768-410F-A96D-6DF8D043350C}
	EndGlobalSection
EndGlobal
